
Microsoft Visual Studio Solution File, Format Version 12.00
# Visual Studio Version 17
VisualStudioVersion = 17.5.002.0
MinimumVisualStudioVersion = 10.0.40219.1
Project("{2150E333-8FDC-42A3-9474-1A3956D46DE8}") = "ASP", "ASP", "{3EA83CC0-66A6-448D-8707-5009808F5DE8}"
EndProject
Project("{9A19103F-16F7-4668-BE54-9A1E7A4F7556}") = "AuthService", "ASP\AuthService\AuthService.csproj", "{820403E2-D78F-4275-A930-C0A1B4A36888}"
EndProject
Global
	GlobalSection(SolutionConfigurationPlatforms) = preSolution
		Debug|Any CPU = Debug|Any CPU
		Release|Any CPU = Release|Any CPU
	EndGlobalSection
	GlobalSection(ProjectConfigurationPlatforms) = postSolution
		{820403E2-D78F-4275-A930-C0A1B4A36888}.Debug|Any CPU.ActiveCfg = Debug|Any CPU
		{820403E2-D78F-4275-A930-C0A1B4A36888}.Debug|Any CPU.Build.0 = Debug|Any CPU
		{820403E2-D78F-4275-A930-C0A1B4A36888}.Release|Any CPU.ActiveCfg = Release|Any CPU
		{820403E2-D78F-4275-A930-C0A1B4A36888}.Release|Any CPU.Build.0 = Release|Any CPU
	EndGlobalSection
	GlobalSection(SolutionProperties) = preSolution
		HideSolutionNode = FALSE
	EndGlobalSection
	GlobalSection(NestedProjects) = preSolution
		{820403E2-D78F-4275-A930-C0A1B4A36888} = {3EA83CC0-66A6-448D-8707-5009808F5DE8}
	EndGlobalSection
	GlobalSection(ExtensibilityGlobals) = postSolution
		SolutionGuid = {9E113463-10A6-4189-9B85-E44ECFE6EFBA}
	EndGlobalSection
EndGlobal
